// !$*UTF8*$!
{
	archiveVersion = 1;
	classes = {
	};
	objectVersion = 77;
	objects = {

/* Begin PBXContainerItemProxy section */
		94C61BB42D3B0B800065DCBE /* PBXContainerItemProxy */ = {
			isa = PBXContainerItemProxy;
			containerPortal = 94C61B9B2D3B0B800065DCBE /* Project object */;
			proxyType = 1;
			remoteGlobalIDString = 94C61BA22D3B0B800065DCBE;
			remoteInfo = PeopleNetwork;
		};
		94C61BBE2D3B0B800065DCBE /* PBXContainerItemProxy */ = {
			isa = PBXContainerItemProxy;
			containerPortal = 94C61B9B2D3B0B800065DCBE /* Project object */;
			proxyType = 1;
			remoteGlobalIDString = 94C61BA22D3B0B800065DCBE;
			remoteInfo = PeopleNetwork;
		};
/* End PBXContainerItemProxy section */

/* Begin PBXFileReference section */
		94C61BA32D3B0B800065DCBE /* PeopleNetwork.app */ = {isa = PBXFileReference; explicitFileType = wrapper.application; includeInIndex = 0; path = PeopleNetwork.app; sourceTree = BUILT_PRODUCTS_DIR; };
		94C61BB32D3B0B800065DCBE /* PeopleNetworkTests.xctest */ = {isa = PBXFileReference; explicitFileType = wrapper.cfbundle; includeInIndex = 0; path = PeopleNetworkTests.xctest; sourceTree = BUILT_PRODUCTS_DIR; };
		94C61BBD2D3B0B800065DCBE /* PeopleNetworkUITests.xctest */ = {isa = PBXFileReference; explicitFileType = wrapper.cfbundle; includeInIndex = 0; path = PeopleNetworkUITests.xctest; sourceTree = BUILT_PRODUCTS_DIR; };
/* End PBXFileReference section */

/* Begin PBXFileSystemSynchronizedRootGroup section */
		94C61BA52D3B0B800065DCBE /* PeopleNetwork */ = {
			isa = PBXFileSystemSynchronizedRootGroup;
			path = PeopleNetwork;
			sourceTree = "<group>";
		};
		94C61BB62D3B0B800065DCBE /* PeopleNetworkTests */ = {
			isa = PBXFileSystemSynchronizedRootGroup;
			path = PeopleNetworkTests;
			sourceTree = "<group>";
		};
		94C61BC02D3B0B800065DCBE /* PeopleNetworkUITests */ = {
			isa = PBXFileSystemSynchronizedRootGroup;
			path = PeopleNetworkUITests;
			sourceTree = "<group>";
		};
/* End PBXFileSystemSynchronizedRootGroup section */

/* Begin PBXFrameworksBuildPhase section */
		94C61BA02D3B0B800065DCBE /* Frameworks */ = {
			isa = PBXFrameworksBuildPhase;
			buildActionMask = 2147483647;
			files = (
			);
			runOnlyForDeploymentPostprocessing = 0;
		};
		94C61BB02D3B0B800065DCBE /* Frameworks */ = {
			isa = PBXFrameworksBuildPhase;
			buildActionMask = 2147483647;
			files = (
			);
			runOnlyForDeploymentPostprocessing = 0;
		};
		94C61BBA2D3B0B800065DCBE /* Frameworks */ = {
			isa = PBXFrameworksBuildPhase;
			buildActionMask = 2147483647;
			files = (
			);
			runOnlyForDeploymentPostprocessing = 0;
		};
/* End PBXFrameworksBuildPhase section */

/* Begin PBXGroup section */
		94C61B9A2D3B0B800065DCBE = {
			isa = PBXGroup;
			children = (
				94C61BA52D3B0B800065DCBE /* PeopleNetwork */,
				94C61BB62D3B0B800065DCBE /* PeopleNetworkTests */,
				94C61BC02D3B0B800065DCBE /* PeopleNetworkUITests */,
				94C61BA42D3B0B800065DCBE /* Products */,
			);
			sourceTree = "<group>";
		};
		94C61BA42D3B0B800065DCBE /* Products */ = {
			isa = PBXGroup;
			children = (
				94C61BA32D3B0B800065DCBE /* PeopleNetwork.app */,
				94C61BB32D3B0B800065DCBE /* PeopleNetworkTests.xctest */,
				94C61BBD2D3B0B800065DCBE /* PeopleNetworkUITests.xctest */,
			);
			name = Products;
			sourceTree = "<group>";
		};
/* End PBXGroup section */

/* Begin PBXNativeTarget section */
		94C61BA22D3B0B800065DCBE /* PeopleNetwork */ = {
			isa = PBXNativeTarget;
			buildConfigurationList = 94C61BC72D3B0B800065DCBE /* Build configuration list for PBXNativeTarget "PeopleNetwork" */;
			buildPhases = (
				94C61B9F2D3B0B800065DCBE /* Sources */,
				94C61BA02D3B0B800065DCBE /* Frameworks */,
				94C61BA12D3B0B800065DCBE /* Resources */,
			);
			buildRules = (
			);
			dependencies = (
			);
			fileSystemSynchronizedGroups = (
				94C61BA52D3B0B800065DCBE /* PeopleNetwork */,
			);
			name = PeopleNetwork;
			packageProductDependencies = (
			);
			productName = PeopleNetwork;
			productReference = 94C61BA32D3B0B800065DCBE /* PeopleNetwork.app */;
			productType = "com.apple.product-type.application";
		};
		94C61BB22D3B0B800065DCBE /* PeopleNetworkTests */ = {
			isa = PBXNativeTarget;
			buildConfigurationList = 94C61BCA2D3B0B800065DCBE /* Build configuration list for PBXNativeTarget "PeopleNetworkTests" */;
			buildPhases = (
				94C61BAF2D3B0B800065DCBE /* Sources */,
				94C61BB02D3B0B800065DCBE /* Frameworks */,
				94C61BB12D3B0B800065DCBE /* Resources */,
			);
			buildRules = (
			);
			dependencies = (
				94C61BB52D3B0B800065DCBE /* PBXTargetDependency */,
			);
			fileSystemSynchronizedGroups = (
				94C61BB62D3B0B800065DCBE /* PeopleNetworkTests */,
			);
			name = PeopleNetworkTests;
			packageProductDependencies = (
			);
			productName = PeopleNetworkTests;
			productReference = 94C61BB32D3B0B800065DCBE /* PeopleNetworkTests.xctest */;
			productType = "com.apple.product-type.bundle.unit-test";
		};
		94C61BBC2D3B0B800065DCBE /* PeopleNetworkUITests */ = {
			isa = PBXNativeTarget;
			buildConfigurationList = 94C61BCD2D3B0B800065DCBE /* Build configuration list for PBXNativeTarget "PeopleNetworkUITests" */;
			buildPhases = (
				94C61BB92D3B0B800065DCBE /* Sources */,
				94C61BBA2D3B0B800065DCBE /* Frameworks */,
				94C61BBB2D3B0B800065DCBE /* Resources */,
			);
			buildRules = (
			);
			dependencies = (
				94C61BBF2D3B0B800065DCBE /* PBXTargetDependency */,
			);
			fileSystemSynchronizedGroups = (
				94C61BC02D3B0B800065DCBE /* PeopleNetworkUITests */,
			);
			name = PeopleNetworkUITests;
			packageProductDependencies = (
			);
			productName = PeopleNetworkUITests;
			productReference = 94C61BBD2D3B0B800065DCBE /* PeopleNetworkUITests.xctest */;
			productType = "com.apple.product-type.bundle.ui-testing";
		};
/* End PBXNativeTarget section */

/* Begin PBXProject section */
		94C61B9B2D3B0B800065DCBE /* Project object */ = {
			isa = PBXProject;
			attributes = {
				BuildIndependentTargetsInParallel = 1;
				LastSwiftUpdateCheck = 1620;
				LastUpgradeCheck = 1620;
				TargetAttributes = {
					94C61BA22D3B0B800065DCBE = {
						CreatedOnToolsVersion = 16.2;
					};
					94C61BB22D3B0B800065DCBE = {
						CreatedOnToolsVersion = 16.2;
						TestTargetID = 94C61BA22D3B0B800065DCBE;
					};
					94C61BBC2D3B0B800065DCBE = {
						CreatedOnToolsVersion = 16.2;
						TestTargetID = 94C61BA22D3B0B800065DCBE;
					};
				};
			};
			buildConfigurationList = 94C61B9E2D3B0B800065DCBE /* Build configuration list for PBXProject "PeopleNetwork" */;
			developmentRegion = en;
			hasScannedForEncodings = 0;
			knownRegions = (
				en,
				Base,
			);
			mainGroup = 94C61B9A2D3B0B800065DCBE;
			minimizedProjectReferenceProxies = 1;
			preferredProjectObjectVersion = 77;
			productRefGroup = 94C61BA42D3B0B800065DCBE /* Products */;
			projectDirPath = "";
			projectRoot = "";
			targets = (
				94C61BA22D3B0B800065DCBE /* PeopleNetwork */,
				94C61BB22D3B0B800065DCBE /* PeopleNetworkTests */,
				94C61BBC2D3B0B800065DCBE /* PeopleNetworkUITests */,
			);
		};
/* End PBXProject section */

/* Begin PBXResourcesBuildPhase section */
		94C61BA12D3B0B800065DCBE /* Resources */ = {
			isa = PBXResourcesBuildPhase;
			buildActionMask = 2147483647;
			files = (
			);
			runOnlyForDeploymentPostprocessing = 0;
		};
		94C61BB12D3B0B800065DCBE /* Resources */ = {
			isa = PBXResourcesBuildPhase;
			buildActionMask = 2147483647;
			files = (
			);
			runOnlyForDeploymentPostprocessing = 0;
		};
		94C61BBB2D3B0B800065DCBE /* Resources */ = {
			isa = PBXResourcesBuildPhase;
			buildActionMask = 2147483647;
			files = (
			);
			runOnlyForDeploymentPostprocessing = 0;
		};
/* End PBXResourcesBuildPhase section */

/* Begin PBXSourcesBuildPhase section */
		94C61B9F2D3B0B800065DCBE /* Sources */ = {
			isa = PBXSourcesBuildPhase;
			buildActionMask = 2147483647;
			files = (
			);
			runOnlyForDeploymentPostprocessing = 0;
		};
		94C61BAF2D3B0B800065DCBE /* Sources */ = {
			isa = PBXSourcesBuildPhase;
			buildActionMask = 2147483647;
			files = (
			);
			runOnlyForDeploymentPostprocessing = 0;
		};
		94C61BB92D3B0B800065DCBE /* Sources */ = {
			isa = PBXSourcesBuildPhase;
			buildActionMask = 2147483647;
			files = (
			);
			runOnlyForDeploymentPostprocessing = 0;
		};
/* End PBXSourcesBuildPhase section */

/* Begin PBXTargetDependency section */
		94C61BB52D3B0B800065DCBE /* PBXTargetDependency */ = {
			isa = PBXTargetDependency;
			target = 94C61BA22D3B0B800065DCBE /* PeopleNetwork */;
			targetProxy = 94C61BB42D3B0B800065DCBE /* PBXContainerItemProxy */;
		};
		94C61BBF2D3B0B800065DCBE /* PBXTargetDependency */ = {
			isa = PBXTargetDependency;
			target = 94C61BA22D3B0B800065DCBE /* PeopleNetwork */;
			targetProxy = 94C61BBE2D3B0B800065DCBE /* PBXContainerItemProxy */;
		};
/* End PBXTargetDependency section */

/* Begin XCBuildConfiguration section */
		94C61BC52D3B0B800065DCBE /* Debug */ = {
			isa = XCBuildConfiguration;
			buildSettings = {
				ALWAYS_SEARCH_USER_PATHS = NO;
				ASSETCATALOG_COMPILER_GENERATE_SWIFT_ASSET_SYMBOL_EXTENSIONS = YES;
				CLANG_ANALYZER_NONNULL = YES;
				CLANG_ANALYZER_NUMBER_OBJECT_CONVERSION = YES_AGGRESSIVE;
				CLANG_CXX_LANGUAGE_STANDARD = "gnu++20";
				CLANG_ENABLE_MODULES = YES;
				CLANG_ENABLE_OBJC_ARC = YES;
				CLANG_ENABLE_OBJC_WEAK = YES;
				CLANG_WARN_BLOCK_CAPTURE_AUTORELEASING = YES;
				CLANG_WARN_BOOL_CONVERSION = YES;
				CLANG_WARN_COMMA = YES;
				CLANG_WARN_CONSTANT_CONVERSION = YES;
				CLANG_WARN_DEPRECATED_OBJC_IMPLEMENTATIONS = YES;
				CLANG_WARN_DIRECT_OBJC_ISA_USAGE = YES_ERROR;
				CLANG_WARN_DOCUMENTATION_COMMENTS = YES;
				CLANG_WARN_EMPTY_BODY = YES;
				CLANG_WARN_ENUM_CONVERSION = YES;
				CLANG_WARN_INFINITE_RECURSION = YES;
				CLANG_WARN_INT_CONVERSION = YES;
				CLANG_WARN_NON_LITERAL_NULL_CONVERSION = YES;
				CLANG_WARN_OBJC_IMPLICIT_RETAIN_SELF = YES;
				CLANG_WARN_OBJC_LITERAL_CONVERSION = YES;
				CLANG_WARN_OBJC_ROOT_CLASS = YES_ERROR;
				CLANG_WARN_QUOTED_INCLUDE_IN_FRAMEWORK_HEADER = YES;
				CLANG_WARN_RANGE_LOOP_ANALYSIS = YES;
				CLANG_WARN_STRICT_PROTOTYPES = YES;
				CLANG_WARN_SUSPICIOUS_MOVE = YES;
				CLANG_WARN_UNGUARDED_AVAILABILITY = YES_AGGRESSIVE;
				CLANG_WARN_UNREACHABLE_CODE = YES;
				CLANG_WARN__DUPLICATE_METHOD_MATCH = YES;
				COPY_PHASE_STRIP = NO;
				DEBUG_INFORMATION_FORMAT = dwarf;
				ENABLE_STRICT_OBJC_MSGSEND = YES;
				ENABLE_TESTABILITY = YES;
				ENABLE_USER_SCRIPT_SANDBOXING = YES;
				GCC_C_LANGUAGE_STANDARD = gnu17;
				GCC_DYNAMIC_NO_PIC = NO;
				GCC_NO_COMMON_BLOCKS = YES;
				GCC_OPTIMIZATION_LEVEL = 0;
				GCC_PREPROCESSOR_DEFINITIONS = (
					"DEBUG=1",
					"$(inherited)",
				);
				GCC_WARN_64_TO_32_BIT_CONVERSION = YES;
				GCC_WARN_ABOUT_RETURN_TYPE = YES_ERROR;
				GCC_WARN_UNDECLARED_SELECTOR = YES;
				GCC_WARN_UNINITIALIZED_AUTOS = YES_AGGRESSIVE;
				GCC_WARN_UNUSED_FUNCTION = YES;
				GCC_WARN_UNUSED_VARIABLE = YES;
				IPHONEOS_DEPLOYMENT_TARGET = 18.2;
				LOCALIZATION_PREFERS_STRING_CATALOGS = YES;
				MTL_ENABLE_DEBUG_INFO = INCLUDE_SOURCE;
				MTL_FAST_MATH = YES;
				ONLY_ACTIVE_ARCH = YES;
				SDKROOT = iphoneos;
				SWIFT_ACTIVE_COMPILATION_CONDITIONS = "DEBUG $(inherited)";
				SWIFT_OPTIMIZATION_LEVEL = "-Onone";
			};
			name = Debug;
		};
		94C61BC62D3B0B800065DCBE /* Release */ = {
			isa = XCBuildConfiguration;
			buildSettings = {
				ALWAYS_SEARCH_USER_PATHS = NO;
				ASSETCATALOG_COMPILER_GENERATE_SWIFT_ASSET_SYMBOL_EXTENSIONS = YES;
				CLANG_ANALYZER_NONNULL = YES;
				CLANG_ANALYZER_NUMBER_OBJECT_CONVERSION = YES_AGGRESSIVE;
				CLANG_CXX_LANGUAGE_STANDARD = "gnu++20";
				CLANG_ENABLE_MODULES = YES;
				CLANG_ENABLE_OBJC_ARC = YES;
				CLANG_ENABLE_OBJC_WEAK = YES;
				CLANG_WARN_BLOCK_CAPTURE_AUTORELEASING = YES;
				CLANG_WARN_BOOL_CONVERSION = YES;
				CLANG_WARN_COMMA = YES;
				CLANG_WARN_CONSTANT_CONVERSION = YES;
				CLANG_WARN_DEPRECATED_OBJC_IMPLEMENTATIONS = YES;
				CLANG_WARN_DIRECT_OBJC_ISA_USAGE = YES_ERROR;
				CLANG_WARN_DOCUMENTATION_COMMENTS = YES;
				CLANG_WARN_EMPTY_BODY = YES;
				CLANG_WARN_ENUM_CONVERSION = YES;
				CLANG_WARN_INFINITE_RECURSION = YES;
				CLANG_WARN_INT_CONVERSION = YES;
				CLANG_WARN_NON_LITERAL_NULL_CONVERSION = YES;
				CLANG_WARN_OBJC_IMPLICIT_RETAIN_SELF = YES;
				CLANG_WARN_OBJC_LITERAL_CONVERSION = YES;
				CLANG_WARN_OBJC_ROOT_CLASS = YES_ERROR;
				CLANG_WARN_QUOTED_INCLUDE_IN_FRAMEWORK_HEADER = YES;
				CLANG_WARN_RANGE_LOOP_ANALYSIS = YES;
				CLANG_WARN_STRICT_PROTOTYPES = YES;
				CLANG_WARN_SUSPICIOUS_MOVE = YES;
				CLANG_WARN_UNGUARDED_AVAILABILITY = YES_AGGRESSIVE;
				CLANG_WARN_UNREACHABLE_CODE = YES;
				CLANG_WARN__DUPLICATE_METHOD_MATCH = YES;
				COPY_PHASE_STRIP = NO;
				DEBUG_INFORMATION_FORMAT = "dwarf-with-dsym";
				ENABLE_NS_ASSERTIONS = NO;
				ENABLE_STRICT_OBJC_MSGSEND = YES;
				ENABLE_USER_SCRIPT_SANDBOXING = YES;
				GCC_C_LANGUAGE_STANDARD = gnu17;
				GCC_NO_COMMON_BLOCKS = YES;
				GCC_WARN_64_TO_32_BIT_CONVERSION = YES;
				GCC_WARN_ABOUT_RETURN_TYPE = YES_ERROR;
				GCC_WARN_UNDECLARED_SELECTOR = YES;
				GCC_WARN_UNINITIALIZED_AUTOS = YES_AGGRESSIVE;
				GCC_WARN_UNUSED_FUNCTION = YES;
				GCC_WARN_UNUSED_VARIABLE = YES;
				IPHONEOS_DEPLOYMENT_TARGET = 18.2;
				LOCALIZATION_PREFERS_STRING_CATALOGS = YES;
				MTL_ENABLE_DEBUG_INFO = NO;
				MTL_FAST_MATH = YES;
				SDKROOT = iphoneos;
				SWIFT_COMPILATION_MODE = wholemodule;
				VALIDATE_PRODUCT = YES;
			};
			name = Release;
		};
		94C61BC82D3B0B800065DCBE /* Debug */ = {
			isa = XCBuildConfiguration;
			buildSettings = {
				ASSETCATALOG_COMPILER_APPICON_NAME = AppIcon;
				ASSETCATALOG_COMPILER_GLOBAL_ACCENT_COLOR_NAME = AccentColor;
				CODE_SIGN_STYLE = Automatic;
				CURRENT_PROJECT_VERSION = 1;
				DEVELOPMENT_ASSET_PATHS = "\"PeopleNetwork/Preview Content\"";
				ENABLE_PREVIEWS = YES;
				GENERATE_INFOPLIST_FILE = YES;
				INFOPLIST_KEY_UIApplicationSceneManifest_Generation = YES;
				INFOPLIST_KEY_UIApplicationSupportsIndirectInputEvents = YES;
				INFOPLIST_KEY_UILaunchScreen_Generation = YES;
				INFOPLIST_KEY_UISupportedInterfaceOrientations_iPad = "UIInterfaceOrientationPortrait UIInterfaceOrientationPortraitUpsideDown UIInterfaceOrientationLandscapeLeft UIInterfaceOrientationLandscapeRight";
				INFOPLIST_KEY_UISupportedInterfaceOrientations_iPhone = "UIInterfaceOrientationPortrait UIInterfaceOrientationLandscapeLeft UIInterfaceOrientationLandscapeRight";
				LD_RUNPATH_SEARCH_PATHS = (
					"$(inherited)",
					"@executable_path/Frameworks",
				);
				MARKETING_VERSION = 1.0;
				PRODUCT_BUNDLE_IDENTIFIER = lin.PeopleNetwork;
				PRODUCT_NAME = "$(TARGET_NAME)";
				SWIFT_EMIT_LOC_STRINGS = YES;
				SWIFT_VERSION = 5.0;
				TARGETED_DEVICE_FAMILY = "1,2";
			};
			name = Debug;
		};
		94C61BC92D3B0B800065DCBE /* Release */ = {
			isa = XCBuildConfiguration;
			buildSettings = {
				ASSETCATALOG_COMPILER_APPICON_NAME = AppIcon;
				ASSETCATALOG_COMPILER_GLOBAL_ACCENT_COLOR_NAME = AccentColor;
				CODE_SIGN_STYLE = Automatic;
				CURRENT_PROJECT_VERSION = 1;
				DEVELOPMENT_ASSET_PATHS = "\"PeopleNetwork/Preview Content\"";
				ENABLE_PREVIEWS = YES;
				GENERATE_INFOPLIST_FILE = YES;
				INFOPLIST_KEY_UIApplicationSceneManifest_Generation = YES;
				INFOPLIST_KEY_UIApplicationSupportsIndirectInputEvents = YES;
				INFOPLIST_KEY_UILaunchScreen_Generation = YES;
				INFOPLIST_KEY_UISupportedInterfaceOrientations_iPad = "UIInterfaceOrientationPortrait UIInterfaceOrientationPortraitUpsideDown UIInterfaceOrientationLandscapeLeft UIInterfaceOrientationLandscapeRight";
				INFOPLIST_KEY_UISupportedInterfaceOrientations_iPhone = "UIInterfaceOrientationPortrait UIInterfaceOrientationLandscapeLeft UIInterfaceOrientationLandscapeRight";
				LD_RUNPATH_SEARCH_PATHS = (
					"$(inherited)",
					"@executable_path/Frameworks",
				);
				MARKETING_VERSION = 1.0;
				PRODUCT_BUNDLE_IDENTIFIER = lin.PeopleNetwork;
				PRODUCT_NAME = "$(TARGET_NAME)";
				SWIFT_EMIT_LOC_STRINGS = YES;
				SWIFT_VERSION = 5.0;
				TARGETED_DEVICE_FAMILY = "1,2";
			};
			name = Release;
		};
		94C61BCB2D3B0B800065DCBE /* Debug */ = {
			isa = XCBuildConfiguration;
			buildSettings = {
				BUNDLE_LOADER = "$(TEST_HOST)";
				CODE_SIGN_STYLE = Automatic;
				CURRENT_PROJECT_VERSION = 1;
				GENERATE_INFOPLIST_FILE = YES;
				IPHONEOS_DEPLOYMENT_TARGET = 18.2;
				MARKETING_VERSION = 1.0;
				PRODUCT_BUNDLE_IDENTIFIER = lin.PeopleNetworkTests;
				PRODUCT_NAME = "$(TARGET_NAME)";
				SWIFT_EMIT_LOC_STRINGS = NO;
				SWIFT_VERSION = 5.0;
				TARGETED_DEVICE_FAMILY = "1,2";
				TEST_HOST = "$(BUILT_PRODUCTS_DIR)/PeopleNetwork.app/$(BUNDLE_EXECUTABLE_FOLDER_PATH)/PeopleNetwork";
			};
			name = Debug;
		};
		94C61BCC2D3B0B800065DCBE /* Release */ = {
			isa = XCBuildConfiguration;
			buildSettings = {
				BUNDLE_LOADER = "$(TEST_HOST)";
				CODE_SIGN_STYLE = Automatic;
				CURRENT_PROJECT_VERSION = 1;
				GENERATE_INFOPLIST_FILE = YES;
				IPHONEOS_DEPLOYMENT_TARGET = 18.2;
				MARKETING_VERSION = 1.0;
				PRODUCT_BUNDLE_IDENTIFIER = lin.PeopleNetworkTests;
				PRODUCT_NAME = "$(TARGET_NAME)";
				SWIFT_EMIT_LOC_STRINGS = NO;
				SWIFT_VERSION = 5.0;
				TARGETED_DEVICE_FAMILY = "1,2";
				TEST_HOST = "$(BUILT_PRODUCTS_DIR)/PeopleNetwork.app/$(BUNDLE_EXECUTABLE_FOLDER_PATH)/PeopleNetwork";
			};
			name = Release;
		};
		94C61BCE2D3B0B800065DCBE /* Debug */ = {
			isa = XCBuildConfiguration;
			buildSettings = {
				CODE_SIGN_STYLE = Automatic;
				CURRENT_PROJECT_VERSION = 1;
				GENERATE_INFOPLIST_FILE = YES;
				MARKETING_VERSION = 1.0;
				PRODUCT_BUNDLE_IDENTIFIER = lin.PeopleNetworkUITests;
				PRODUCT_NAME = "$(TARGET_NAME)";
				SWIFT_EMIT_LOC_STRINGS = NO;
				SWIFT_VERSION = 5.0;
				TARGETED_DEVICE_FAMILY = "1,2";
				TEST_TARGET_NAME = PeopleNetwork;
			};
			name = Debug;
		};
		94C61BCF2D3B0B800065DCBE /* Release */ = {
			isa = XCBuildConfiguration;
			buildSettings = {
				CODE_SIGN_STYLE = Automatic;
				CURRENT_PROJECT_VERSION = 1;
				GENERATE_INFOPLIST_FILE = YES;
				MARKETING_VERSION = 1.0;
				PRODUCT_BUNDLE_IDENTIFIER = lin.PeopleNetworkUITests;
				PRODUCT_NAME = "$(TARGET_NAME)";
				SWIFT_EMIT_LOC_STRINGS = NO;
				SWIFT_VERSION = 5.0;
				TARGETED_DEVICE_FAMILY = "1,2";
				TEST_TARGET_NAME = PeopleNetwork;
			};
			name = Release;
		};
/* End XCBuildConfiguration section */

/* Begin XCConfigurationList section */
		94C61B9E2D3B0B800065DCBE /* Build configuration list for PBXProject "PeopleNetwork" */ = {
			isa = XCConfigurationList;
			buildConfigurations = (
				94C61BC52D3B0B800065DCBE /* Debug */,
				94C61BC62D3B0B800065DCBE /* Release */,
			);
			defaultConfigurationIsVisible = 0;
			defaultConfigurationName = Release;
		};
		94C61BC72D3B0B800065DCBE /* Build configuration list for PBXNativeTarget "PeopleNetwork" */ = {
			isa = XCConfigurationList;
			buildConfigurations = (
				94C61BC82D3B0B800065DCBE /* Debug */,
				94C61BC92D3B0B800065DCBE /* Release */,
			);
			defaultConfigurationIsVisible = 0;
			defaultConfigurationName = Release;
		};
		94C61BCA2D3B0B800065DCBE /* Build configuration list for PBXNativeTarget "PeopleNetworkTests" */ = {
			isa = XCConfigurationList;
			buildConfigurations = (
				94C61BCB2D3B0B800065DCBE /* Debug */,
				94C61BCC2D3B0B800065DCBE /* Release */,
			);
			defaultConfigurationIsVisible = 0;
			defaultConfigurationName = Release;
		};
		94C61BCD2D3B0B800065DCBE /* Build configuration list for PBXNativeTarget "PeopleNetworkUITests" */ = {
			isa = XCConfigurationList;
			buildConfigurations = (
				94C61BCE2D3B0B800065DCBE /* Debug */,
				94C61BCF2D3B0B800065DCBE /* Release */,
			);
			defaultConfigurationIsVisible = 0;
			defaultConfigurationName = Release;
		};
/* End XCConfigurationList section */
	};
	rootObject = 94C61B9B2D3B0B800065DCBE /* Project object */;
}
